
Microsoft Visual Studio Solution File, Format Version 12.00
# Visual Studio Version 16
VisualStudioVersion = 16.0.31129.286
MinimumVisualStudioVersion = 10.0.40219.1
Project("{FAE04EC0-301F-11D3-BF4B-00C04F79EFBC}") = "Login_Form", "Login_Form\Login_Form.csproj", "{B95ADCFC-7535-43CD-BFA2-4B4502973927}"
EndProject
Global
	GlobalSection(SolutionConfigurationPlatforms) = preSolution
		Debug|Any CPU = Debug|Any CPU
		Release|Any CPU = Release|Any CPU
	EndGlobalSection
	GlobalSection(ProjectConfigurationPlatforms) = postSolution
		{B95ADCFC-7535-43CD-BFA2-4B4502973927}.Debug|Any CPU.ActiveCfg = Debug|Any CPU
		{B95ADCFC-7535-43CD-BFA2-4B4502973927}.Debug|Any CPU.Build.0 = Debug|Any CPU
		{B95ADCFC-7535-43CD-BFA2-4B4502973927}.Release|Any CPU.ActiveCfg = Release|Any CPU
		{B95ADCFC-7535-43CD-BFA2-4B4502973927}.Release|Any CPU.Build.0 = Release|Any CPU
	EndGlobalSection
	GlobalSection(SolutionProperties) = preSolution
		HideSolutionNode = FALSE
	EndGlobalSection
	GlobalSection(ExtensibilityGlobals) = postSolution
		SolutionGuid = {A2C6B7D0-1AE7-43AB-906E-563CDD35A673}
	EndGlobalSection
EndGlobal
